
Microsoft Visual Studio Solution File, Format Version 12.00
# Visual Studio Version 16
VisualStudioVersion = 16.0.30523.141
MinimumVisualStudioVersion = 10.0.40219.1
Project("{FAE04EC0-301F-11D3-BF4B-00C04F79EFBC}") = "ArtificialNeuron", "ArtificialNeuron\ArtificialNeuron.csproj", "{A6CA3898-AAEF-4058-9251-1FC84F6BC146}"
EndProject
Global
	GlobalSection(SolutionConfigurationPlatforms) = preSolution
		Debug|Any CPU = Debug|Any CPU
		Release|Any CPU = Release|Any CPU
	EndGlobalSection
	GlobalSection(ProjectConfigurationPlatforms) = postSolution
		{A6CA3898-AAEF-4058-9251-1FC84F6BC146}.Debug|Any CPU.ActiveCfg = Debug|Any CPU
		{A6CA3898-AAEF-4058-9251-1FC84F6BC146}.Debug|Any CPU.Build.0 = Debug|Any CPU
		{A6CA3898-AAEF-4058-9251-1FC84F6BC146}.Release|Any CPU.ActiveCfg = Release|Any CPU
		{A6CA3898-AAEF-4058-9251-1FC84F6BC146}.Release|Any CPU.Build.0 = Release|Any CPU
	EndGlobalSection
	GlobalSection(SolutionProperties) = preSolution
		HideSolutionNode = FALSE
	EndGlobalSection
	GlobalSection(ExtensibilityGlobals) = postSolution
		SolutionGuid = {76AA6D96-8AD1-4CCA-A87B-C3A9060B67E8}
	EndGlobalSection
EndGlobal
